Microsoft Visual Studio Solution File, Format Version 12.00
# Visual Studio Version 17
VisualStudioVersion = 17.0.31903.59
MinimumVisualStudioVersion = 10.0.40219.1
Project("{2150E333-8FDC-42A3-9474-1A3956D46DE8}") = "src", "src", "{1C6D7064-1FAA-491D-A9CC-12755CE4AC8F}"
EndProject
Project("{FAE04EC0-301F-11D3-BF4B-00C04F79EFBC}") = "OrderManagementSystem", "src\OrderManagementSystem\OrderManagementSystem.csproj", "{72B5B5B9-D662-431B-992C-E89A21364D0A}"
EndProject
Project("{2150E333-8FDC-42A3-9474-1A3956D46DE8}") = "tests", "tests", "{3DFD5C2E-FAE3-4924-B293-3552B629142D}"
EndProject
Project("{FAE04EC0-301F-11D3-BF4B-00C04F79EFBC}") = "OrderManagementSystem.UnitTests", "tests\OrderManagementSystem.UnitTests\OrderManagementSystem.UnitTests.csproj", "{4C48F427-37A0-4ADD-9F65-BB7BB399E59F}"
EndProject
Global
	GlobalSection(SolutionConfigurationPlatforms) = preSolution
		Debug|Any CPU = Debug|Any CPU
		Release|Any CPU = Release|Any CPU
	EndGlobalSection
	GlobalSection(SolutionProperties) = preSolution
		HideSolutionNode = FALSE
	EndGlobalSection
	GlobalSection(ProjectConfigurationPlatforms) = postSolution
		{72B5B5B9-D662-431B-992C-E89A21364D0A}.Debug|Any CPU.ActiveCfg = Debug|Any CPU
		{72B5B5B9-D662-431B-992C-E89A21364D0A}.Debug|Any CPU.Build.0 = Debug|Any CPU
		{72B5B5B9-D662-431B-992C-E89A21364D0A}.Release|Any CPU.ActiveCfg = Release|Any CPU
		{72B5B5B9-D662-431B-992C-E89A21364D0A}.Release|Any CPU.Build.0 = Release|Any CPU
		{4C48F427-37A0-4ADD-9F65-BB7BB399E59F}.Debug|Any CPU.ActiveCfg = Debug|Any CPU
		{4C48F427-37A0-4ADD-9F65-BB7BB399E59F}.Debug|Any CPU.Build.0 = Debug|Any CPU
		{4C48F427-37A0-4ADD-9F65-BB7BB399E59F}.Release|Any CPU.ActiveCfg = Release|Any CPU
		{4C48F427-37A0-4ADD-9F65-BB7BB399E59F}.Release|Any CPU.Build.0 = Release|Any CPU
	EndGlobalSection
	GlobalSection(NestedProjects) = preSolution
		{72B5B5B9-D662-431B-992C-E89A21364D0A} = {1C6D7064-1FAA-491D-A9CC-12755CE4AC8F}
		{4C48F427-37A0-4ADD-9F65-BB7BB399E59F} = {3DFD5C2E-FAE3-4924-B293-3552B629142D}
	EndGlobalSection
EndGlobal
